
Microsoft Visual Studio Solution File, Format Version 12.00
# Visual Studio Version 17
VisualStudioVersion = 17.6.33723.286
MinimumVisualStudioVersion = 10.0.40219.1
Project("{FAE04EC0-301F-11D3-BF4B-00C04F79EFBC}") = "CapaPresentacion", "POE_59DB\CapaPresentacion.csproj", "{9651D3B4-181F-4EE4-90DA-E3B6BB134B88}"
EndProject
Project("{FAE04EC0-301F-11D3-BF4B-00C04F79EFBC}") = "CapaDatos", "CapaDatos\CapaDatos.csproj", "{61EB3BDA-A857-42E9-A4A1-4A1013ED2FAC}"
EndProject
Project("{FAE04EC0-301F-11D3-BF4B-00C04F79EFBC}") = "CapaNegocio", "CapaNegocio\CapaNegocio.csproj", "{6D25A815-BB3B-4D6D-800C-90D6632B6D2C}"
EndProject
Global
	GlobalSection(SolutionConfigurationPlatforms) = preSolution
		Debug|Any CPU = Debug|Any CPU
		Release|Any CPU = Release|Any CPU
	EndGlobalSection
	GlobalSection(ProjectConfigurationPlatforms) = postSolution
		{9651D3B4-181F-4EE4-90DA-E3B6BB134B88}.Debug|Any CPU.ActiveCfg = Debug|Any CPU
		{9651D3B4-181F-4EE4-90DA-E3B6BB134B88}.Debug|Any CPU.Build.0 = Debug|Any CPU
		{9651D3B4-181F-4EE4-90DA-E3B6BB134B88}.Release|Any CPU.ActiveCfg = Release|Any CPU
		{9651D3B4-181F-4EE4-90DA-E3B6BB134B88}.Release|Any CPU.Build.0 = Release|Any CPU
		{61EB3BDA-A857-42E9-A4A1-4A1013ED2FAC}.Debug|Any CPU.ActiveCfg = Debug|Any CPU
		{61EB3BDA-A857-42E9-A4A1-4A1013ED2FAC}.Debug|Any CPU.Build.0 = Debug|Any CPU
		{61EB3BDA-A857-42E9-A4A1-4A1013ED2FAC}.Release|Any CPU.ActiveCfg = Release|Any CPU
		{61EB3BDA-A857-42E9-A4A1-4A1013ED2FAC}.Release|Any CPU.Build.0 = Release|Any CPU
		{6D25A815-BB3B-4D6D-800C-90D6632B6D2C}.Debug|Any CPU.ActiveCfg = Debug|Any CPU
		{6D25A815-BB3B-4D6D-800C-90D6632B6D2C}.Debug|Any CPU.Build.0 = Debug|Any CPU
		{6D25A815-BB3B-4D6D-800C-90D6632B6D2C}.Release|Any CPU.ActiveCfg = Release|Any CPU
		{6D25A815-BB3B-4D6D-800C-90D6632B6D2C}.Release|Any CPU.Build.0 = Release|Any CPU
	EndGlobalSection
	GlobalSection(SolutionProperties) = preSolution
		HideSolutionNode = FALSE
	EndGlobalSection
	GlobalSection(ExtensibilityGlobals) = postSolution
		SolutionGuid = {1B0D3C25-92DE-4D69-A323-546808256842}
	EndGlobalSection
EndGlobal
